
Microsoft Visual Studio Solution File, Format Version 12.00
# Visual Studio Version 17
VisualStudioVersion = 17.4.33205.214
MinimumVisualStudioVersion = 10.0.40219.1
Project("{8BC9CEB8-8B4A-11D0-8D11-00A0C91BC942}") = "FIFA OCR", "FIFA OCR.vcxproj", "{B49C243E-72CC-4AB8-916F-FA13E0B4A785}"
EndProject
Global
	GlobalSection(SolutionConfigurationPlatforms) = preSolution
		Debug|x64 = Debug|x64
		Debug|x86 = Debug|x86
		Release|x64 = Release|x64
		Release|x86 = Release|x86
	EndGlobalSection
	GlobalSection(ProjectConfigurationPlatforms) = postSolution
		{B49C243E-72CC-4AB8-916F-FA13E0B4A785}.Debug|x64.ActiveCfg = Debug|x64
		{B49C243E-72CC-4AB8-916F-FA13E0B4A785}.Debug|x64.Build.0 = Debug|x64
		{B49C243E-72CC-4AB8-916F-FA13E0B4A785}.Debug|x86.ActiveCfg = Debug|Win32
		{B49C243E-72CC-4AB8-916F-FA13E0B4A785}.Debug|x86.Build.0 = Debug|Win32
		{B49C243E-72CC-4AB8-916F-FA13E0B4A785}.Release|x64.ActiveCfg = Release|x64
		{B49C243E-72CC-4AB8-916F-FA13E0B4A785}.Release|x64.Build.0 = Release|x64
		{B49C243E-72CC-4AB8-916F-FA13E0B4A785}.Release|x86.ActiveCfg = Release|Win32
		{B49C243E-72CC-4AB8-916F-FA13E0B4A785}.Release|x86.Build.0 = Release|Win32
	EndGlobalSection
	GlobalSection(SolutionProperties) = preSolution
		HideSolutionNode = FALSE
	EndGlobalSection
	GlobalSection(ExtensibilityGlobals) = postSolution
		SolutionGuid = {EE78036E-5D1D-4595-9D1F-9D964E5D3AFC}
	EndGlobalSection
EndGlobal
